// !$*UTF8*$!
{
	archiveVersion = 1;
	classes = {
	};
	objectVersion = 50;
	objects = {

/* Begin PBXBuildFile section */
		8560A1792406445900182DC6 /* AppDelegate.swift in Sources */ = {isa = PBXBuildFile; fileRef = 8560A1782406445900182DC6 /* AppDelegate.swift */; };
		8560A17B2406445900182DC6 /* SceneDelegate.swift in Sources */ = {isa = PBXBuildFile; fileRef = 8560A17A2406445900182DC6 /* SceneDelegate.swift */; };
		8560A17D2406445900182DC6 /* FirstViewController.swift in Sources */ = {isa = PBXBuildFile; fileRef = 8560A17C2406445900182DC6 /* FirstViewController.swift */; };
		8560A1822406445900182DC6 /* Main.storyboard in Resources */ = {isa = PBXBuildFile; fileRef = 8560A1802406445900182DC6 /* Main.storyboard */; };
		8560A1842406445B00182DC6 /* Assets.xcassets in Resources */ = {isa = PBXBuildFile; fileRef = 8560A1832406445B00182DC6 /* Assets.xcassets */; };
		8560A1872406445B00182DC6 /* LaunchScreen.storyboard in Resources */ = {isa = PBXBuildFile; fileRef = 8560A1852406445B00182DC6 /* LaunchScreen.storyboard */; };
		8560A18F2406586300182DC6 /* ListViewController.swift in Sources */ = {isa = PBXBuildFile; fileRef = 8560A18E2406586300182DC6 /* ListViewController.swift */; };
		8560A193240659DB00182DC6 /* DefaultData.plist in Resources */ = {isa = PBXBuildFile; fileRef = 8560A192240659DB00182DC6 /* DefaultData.plist */; };
		8560A195240662B900182DC6 /* AddItemViewController.swift in Sources */ = {isa = PBXBuildFile; fileRef = 8560A194240662B900182DC6 /* AddItemViewController.swift */; };
		8560A1972406634D00182DC6 /* ShoppingList.swift in Sources */ = {isa = PBXBuildFile; fileRef = 8560A1962406634D00182DC6 /* ShoppingList.swift */; };
		B811878F24183F9C0086BBB3 /* UserData.plist in Resources */ = {isa = PBXBuildFile; fileRef = B811878E24183F9C0086BBB3 /* UserData.plist */; };
/* End PBXBuildFile section */

/* Begin PBXFileReference section */
		8560A1752406445900182DC6 /* Project 1.app */ = {isa = PBXFileReference; explicitFileType = wrapper.application; includeInIndex = 0; path = "Project 1.app"; sourceTree = BUILT_PRODUCTS_DIR; };
		8560A1782406445900182DC6 /* AppDelegate.swift */ = {isa = PBXFileReference; lastKnownFileType = sourcecode.swift; path = AppDelegate.swift; sourceTree = "<group>"; };
		8560A17A2406445900182DC6 /* SceneDelegate.swift */ = {isa = PBXFileReference; lastKnownFileType = sourcecode.swift; path = SceneDelegate.swift; sourceTree = "<group>"; };
		8560A17C2406445900182DC6 /* FirstViewController.swift */ = {isa = PBXFileReference; lastKnownFileType = sourcecode.swift; path = FirstViewController.swift; sourceTree = "<group>"; };
		8560A1812406445900182DC6 /* Base */ = {isa = PBXFileReference; lastKnownFileType = file.storyboard; name = Base; path = Base.lproj/Main.storyboard; sourceTree = "<group>"; };
		8560A1832406445B00182DC6 /* Assets.xcassets */ = {isa = PBXFileReference; lastKnownFileType = folder.assetcatalog; path = Assets.xcassets; sourceTree = "<group>"; };
		8560A1862406445B00182DC6 /* Base */ = {isa = PBXFileReference; lastKnownFileType = file.storyboard; name = Base; path = Base.lproj/LaunchScreen.storyboard; sourceTree = "<group>"; };
		8560A1882406445B00182DC6 /* Info.plist */ = {isa = PBXFileReference; lastKnownFileType = text.plist.xml; path = Info.plist; sourceTree = "<group>"; };
		8560A18E2406586300182DC6 /* ListViewController.swift */ = {isa = PBXFileReference; lastKnownFileType = sourcecode.swift; path = ListViewController.swift; sourceTree = "<group>"; };
		8560A192240659DB00182DC6 /* DefaultData.plist */ = {isa = PBXFileReference; lastKnownFileType = text.plist.xml; path = DefaultData.plist; sourceTree = "<group>"; };
		8560A194240662B900182DC6 /* AddItemViewController.swift */ = {isa = PBXFileReference; lastKnownFileType = sourcecode.swift; path = AddItemViewController.swift; sourceTree = "<group>"; };
		8560A1962406634D00182DC6 /* ShoppingList.swift */ = {isa = PBXFileReference; lastKnownFileType = sourcecode.swift; path = ShoppingList.swift; sourceTree = "<group>"; };
		B811878E24183F9C0086BBB3 /* UserData.plist */ = {isa = PBXFileReference; lastKnownFileType = text.plist.xml; path = UserData.plist; sourceTree = "<group>"; };
/* End PBXFileReference section */

/* Begin PBXFrameworksBuildPhase section */
		8560A1722406445900182DC6 /* Frameworks */ = {
			isa = PBXFrameworksBuildPhase;
			buildActionMask = 2147483647;
			files = (
			);
			runOnlyForDeploymentPostprocessing = 0;
		};
/* End PBXFrameworksBuildPhase section */

/* Begin PBXGroup section */
		8560A16C2406445900182DC6 = {
			isa = PBXGroup;
			children = (
				8560A1772406445900182DC6 /* Project 1 */,
				8560A1762406445900182DC6 /* Products */,
			);
			sourceTree = "<group>";
		};
		8560A1762406445900182DC6 /* Products */ = {
			isa = PBXGroup;
			children = (
				8560A1752406445900182DC6 /* Project 1.app */,
			);
			name = Products;
			sourceTree = "<group>";
		};
		8560A1772406445900182DC6 /* Project 1 */ = {
			isa = PBXGroup;
			children = (
				8560A1782406445900182DC6 /* AppDelegate.swift */,
				8560A17A2406445900182DC6 /* SceneDelegate.swift */,
				8560A17C2406445900182DC6 /* FirstViewController.swift */,
				8560A18E2406586300182DC6 /* ListViewController.swift */,
				8560A194240662B900182DC6 /* AddItemViewController.swift */,
				8560A1962406634D00182DC6 /* ShoppingList.swift */,
				8560A1802406445900182DC6 /* Main.storyboard */,
				8560A1832406445B00182DC6 /* Assets.xcassets */,
				8560A1852406445B00182DC6 /* LaunchScreen.storyboard */,
				8560A1882406445B00182DC6 /* Info.plist */,
				8560A192240659DB00182DC6 /* DefaultData.plist */,
				B811878E24183F9C0086BBB3 /* UserData.plist */,
			);
			path = "Project 1";
			sourceTree = "<group>";
		};
/* End PBXGroup section */

/* Begin PBXNativeTarget section */
		8560A1742406445900182DC6 /* Project 1 */ = {
			isa = PBXNativeTarget;
			buildConfigurationList = 8560A18B2406445B00182DC6 /* Build configuration list for PBXNativeTarget "Project 1" */;
			buildPhases = (
				8560A1712406445900182DC6 /* Sources */,
				8560A1722406445900182DC6 /* Frameworks */,
				8560A1732406445900182DC6 /* Resources */,
			);
			buildRules = (
			);
			dependencies = (
			);
			name = "Project 1";
			productName = "Project 1";
			productReference = 8560A1752406445900182DC6 /* Project 1.app */;
			productType = "com.apple.product-type.application";
		};
/* End PBXNativeTarget section */

/* Begin PBXProject section */
		8560A16D2406445900182DC6 /* Project object */ = {
			isa = PBXProject;
			attributes = {
				LastSwiftUpdateCheck = 1130;
				LastUpgradeCheck = 1130;
				ORGANIZATIONNAME = "Jacky Cheung";
				TargetAttributes = {
					8560A1742406445900182DC6 = {
						CreatedOnToolsVersion = 11.3.1;
					};
				};
			};
			buildConfigurationList = 8560A1702406445900182DC6 /* Build configuration list for PBXProject "Project 1" */;
			compatibilityVersion = "Xcode 9.3";
			developmentRegion = en;
			hasScannedForEncodings = 0;
			knownRegions = (
				en,
				Base,
			);
			mainGroup = 8560A16C2406445900182DC6;
			productRefGroup = 8560A1762406445900182DC6 /* Products */;
			projectDirPath = "";
			projectRoot = "";
			targets = (
				8560A1742406445900182DC6 /* Project 1 */,
			);
		};
/* End PBXProject section */

/* Begin PBXResourcesBuildPhase section */
		8560A1732406445900182DC6 /* Resources */ = {
			isa = PBXResourcesBuildPhase;
			buildActionMask = 2147483647;
			files = (
				8560A193240659DB00182DC6 /* DefaultData.plist in Resources */,
				8560A1872406445B00182DC6 /* LaunchScreen.storyboard in Resources */,
				8560A1842406445B00182DC6 /* Assets.xcassets in Resources */,
				B811878F24183F9C0086BBB3 /* UserData.plist in Resources */,
				8560A1822406445900182DC6 /* Main.storyboard in Resources */,
			);
			runOnlyForDeploymentPostprocessing = 0;
		};
/* End PBXResourcesBuildPhase section */

/* Begin PBXSourcesBuildPhase section */
		8560A1712406445900182DC6 /* Sources */ = {
			isa = PBXSourcesBuildPhase;
			buildActionMask = 2147483647;
			files = (
				8560A195240662B900182DC6 /* AddItemViewController.swift in Sources */,
				8560A1972406634D00182DC6 /* ShoppingList.swift in Sources */,
				8560A17D2406445900182DC6 /* FirstViewController.swift in Sources */,
				8560A1792406445900182DC6 /* AppDelegate.swift in Sources */,
				8560A18F2406586300182DC6 /* ListViewController.swift in Sources */,
				8560A17B2406445900182DC6 /* SceneDelegate.swift in Sources */,
			);
			runOnlyForDeploymentPostprocessing = 0;
		};
/* End PBXSourcesBuildPhase section */

/* Begin PBXVariantGroup section */
		8560A1802406445900182DC6 /* Main.storyboard */ = {
			isa = PBXVariantGroup;
			children = (
				8560A1812406445900182DC6 /* Base */,
			);
			name = Main.storyboard;
			sourceTree = "<group>";
		};
		8560A1852406445B00182DC6 /* LaunchScreen.storyboard */ = {
			isa = PBXVariantGroup;
			children = (
				8560A1862406445B00182DC6 /* Base */,
			);
			name = LaunchScreen.storyboard;
			sourceTree = "<group>";
		};
/* End PBXVariantGroup section */

/* Begin XCBuildConfiguration section */
		8560A1892406445B00182DC6 /* Debug */ = {
			isa = XCBuildConfiguration;
			buildSettings = {
				ALWAYS_SEARCH_USER_PATHS = NO;
				CLANG_ANALYZER_NONNULL = YES;
				CLANG_ANALYZER_NUMBER_OBJECT_CONVERSION = YES_AGGRESSIVE;
				CLANG_CXX_LANGUAGE_STANDARD = "gnu++14";
				CLANG_CXX_LIBRARY = "libc++";
				CLANG_ENABLE_MODULES = YES;
				CLANG_ENABLE_OBJC_ARC = YES;
				CLANG_ENABLE_OBJC_WEAK = YES;
				CLANG_WARN_BLOCK_CAPTURE_AUTORELEASING = YES;
				CLANG_WARN_BOOL_CONVERSION = YES;
				CLANG_WARN_COMMA = YES;
				CLANG_WARN_CONSTANT_CONVERSION = YES;
				CLANG_WARN_DEPRECATED_OBJC_IMPLEMENTATIONS = YES;
				CLANG_WARN_DIRECT_OBJC_ISA_USAGE = YES_ERROR;
				CLANG_WARN_DOCUMENTATION_COMMENTS = YES;
				CLANG_WARN_EMPTY_BODY = YES;
				CLANG_WARN_ENUM_CONVERSION = YES;
				CLANG_WARN_INFINITE_RECURSION = YES;
				CLANG_WARN_INT_CONVERSION = YES;
				CLANG_WARN_NON_LITERAL_NULL_CONVERSION = YES;
				CLANG_WARN_OBJC_IMPLICIT_RETAIN_SELF = YES;
				CLANG_WARN_OBJC_LITERAL_CONVERSION = YES;
				CLANG_WARN_OBJC_ROOT_CLASS = YES_ERROR;
				CLANG_WARN_RANGE_LOOP_ANALYSIS = YES;
				CLANG_WARN_STRICT_PROTOTYPES = YES;
				CLANG_WARN_SUSPICIOUS_MOVE = YES;
				CLANG_WARN_UNGUARDED_AVAILABILITY = YES_AGGRESSIVE;
				CLANG_WARN_UNREACHABLE_CODE = YES;
				CLANG_WARN__DUPLICATE_METHOD_MATCH = YES;
				COPY_PHASE_STRIP = NO;
				DEBUG_INFORMATION_FORMAT = dwarf;
				ENABLE_STRICT_OBJC_MSGSEND = YES;
				ENABLE_TESTABILITY = YES;
				GCC_C_LANGUAGE_STANDARD = gnu11;
				GCC_DYNAMIC_NO_PIC = NO;
				GCC_NO_COMMON_BLOCKS = YES;
				GCC_OPTIMIZATION_LEVEL = 0;
				GCC_PREPROCESSOR_DEFINITIONS = (
					"DEBUG=1",
					"$(inherited)",
				);
				GCC_WARN_64_TO_32_BIT_CONVERSION = YES;
				GCC_WARN_ABOUT_RETURN_TYPE = YES_ERROR;
				GCC_WARN_UNDECLARED_SELECTOR = YES;
				GCC_WARN_UNINITIALIZED_AUTOS = YES_AGGRESSIVE;
				GCC_WARN_UNUSED_FUNCTION = YES;
				GCC_WARN_UNUSED_VARIABLE = YES;
				IPHONEOS_DEPLOYMENT_TARGET = 13.2;
				MTL_ENABLE_DEBUG_INFO = INCLUDE_SOURCE;
				MTL_FAST_MATH = YES;
				ONLY_ACTIVE_ARCH = YES;
				SDKROOT = iphoneos;
				SWIFT_ACTIVE_COMPILATION_CONDITIONS = DEBUG;
				SWIFT_OPTIMIZATION_LEVEL = "-Onone";
			};
			name = Debug;
		};
		8560A18A2406445B00182DC6 /* Release */ = {
			isa = XCBuildConfiguration;
			buildSettings = {
				ALWAYS_SEARCH_USER_PATHS = NO;
				CLANG_ANALYZER_NONNULL = YES;
				CLANG_ANALYZER_NUMBER_OBJECT_CONVERSION = YES_AGGRESSIVE;
				CLANG_CXX_LANGUAGE_STANDARD = "gnu++14";
				CLANG_CXX_LIBRARY = "libc++";
				CLANG_ENABLE_MODULES = YES;
				CLANG_ENABLE_OBJC_ARC = YES;
				CLANG_ENABLE_OBJC_WEAK = YES;
				CLANG_WARN_BLOCK_CAPTURE_AUTORELEASING = YES;
				CLANG_WARN_BOOL_CONVERSION = YES;
				CLANG_WARN_COMMA = YES;
				CLANG_WARN_CONSTANT_CONVERSION = YES;
				CLANG_WARN_DEPRECATED_OBJC_IMPLEMENTATIONS = YES;
				CLANG_WARN_DIRECT_OBJC_ISA_USAGE = YES_ERROR;
				CLANG_WARN_DOCUMENTATION_COMMENTS = YES;
				CLANG_WARN_EMPTY_BODY = YES;
				CLANG_WARN_ENUM_CONVERSION = YES;
				CLANG_WARN_INFINITE_RECURSION = YES;
				CLANG_WARN_INT_CONVERSION = YES;
				CLANG_WARN_NON_LITERAL_NULL_CONVERSION = YES;
				CLANG_WARN_OBJC_IMPLICIT_RETAIN_SELF = YES;
				CLANG_WARN_OBJC_LITERAL_CONVERSION = YES;
				CLANG_WARN_OBJC_ROOT_CLASS = YES_ERROR;
				CLANG_WARN_RANGE_LOOP_ANALYSIS = YES;
				CLANG_WARN_STRICT_PROTOTYPES = YES;
				CLANG_WARN_SUSPICIOUS_MOVE = YES;
				CLANG_WARN_UNGUARDED_AVAILABILITY = YES_AGGRESSIVE;
				CLANG_WARN_UNREACHABLE_CODE = YES;
				CLANG_WARN__DUPLICATE_METHOD_MATCH = YES;
				COPY_PHASE_STRIP = NO;
				DEBUG_INFORMATION_FORMAT = "dwarf-with-dsym";
				ENABLE_NS_ASSERTIONS = NO;
				ENABLE_STRICT_OBJC_MSGSEND = YES;
				GCC_C_LANGUAGE_STANDARD = gnu11;
				GCC_NO_COMMON_BLOCKS = YES;
				GCC_WARN_64_TO_32_BIT_CONVERSION = YES;
				GCC_WARN_ABOUT_RETURN_TYPE = YES_ERROR;
				GCC_WARN_UNDECLARED_SELECTOR = YES;
				GCC_WARN_UNINITIALIZED_AUTOS = YES_AGGRESSIVE;
				GCC_WARN_UNUSED_FUNCTION = YES;
				GCC_WARN_UNUSED_VARIABLE = YES;
				IPHONEOS_DEPLOYMENT_TARGET = 13.2;
				MTL_ENABLE_DEBUG_INFO = NO;
				MTL_FAST_MATH = YES;
				SDKROOT = iphoneos;
				SWIFT_COMPILATION_MODE = wholemodule;
				SWIFT_OPTIMIZATION_LEVEL = "-O";
				VALIDATE_PRODUCT = YES;
			};
			name = Release;
		};
		8560A18C2406445B00182DC6 /* Debug */ = {
			isa = XCBuildConfiguration;
			buildSettings = {
				ASSETCATALOG_COMPILER_APPICON_NAME = AppIcon;
				CODE_SIGN_STYLE = Automatic;
				INFOPLIST_FILE = "Project 1/Info.plist";
				IPHONEOS_DEPLOYMENT_TARGET = 13.0;
				LD_RUNPATH_SEARCH_PATHS = (
					"$(inherited)",
					"@executable_path/Frameworks",
				);
				PRODUCT_BUNDLE_IDENTIFIER = "Advanced-MAD.Project-1";
				PRODUCT_NAME = "$(TARGET_NAME)";
				SWIFT_VERSION = 5.0;
				TARGETED_DEVICE_FAMILY = "1,2";
			};
			name = Debug;
		};
		8560A18D2406445B00182DC6 /* Release */ = {
			isa = XCBuildConfiguration;
			buildSettings = {
				ASSETCATALOG_COMPILER_APPICON_NAME = AppIcon;
				CODE_SIGN_STYLE = Automatic;
				INFOPLIST_FILE = "Project 1/Info.plist";
				IPHONEOS_DEPLOYMENT_TARGET = 13.0;
				LD_RUNPATH_SEARCH_PATHS = (
					"$(inherited)",
					"@executable_path/Frameworks",
				);
				PRODUCT_BUNDLE_IDENTIFIER = "Advanced-MAD.Project-1";
				PRODUCT_NAME = "$(TARGET_NAME)";
				SWIFT_VERSION = 5.0;
				TARGETED_DEVICE_FAMILY = "1,2";
			};
			name = Release;
		};
/* End XCBuildConfiguration section */

/* Begin XCConfigurationList section */
		8560A1702406445900182DC6 /* Build configuration list for PBXProject "Project 1" */ = {
			isa = XCConfigurationList;
			buildConfigurations = (
				8560A1892406445B00182DC6 /* Debug */,
				8560A18A2406445B00182DC6 /* Release */,
			);
			defaultConfigurationIsVisible = 0;
			defaultConfigurationName = Release;
		};
		8560A18B2406445B00182DC6 /* Build configuration list for PBXNativeTarget "Project 1" */ = {
			isa = XCConfigurationList;
			buildConfigurations = (
				8560A18C2406445B00182DC6 /* Debug */,
				8560A18D2406445B00182DC6 /* Release */,
			);
			defaultConfigurationIsVisible = 0;
			defaultConfigurationName = Release;
		};
/* End XCConfigurationList section */
	};
	rootObject = 8560A16D2406445900182DC6 /* Project object */;
}
