// !$*UTF8*$!
{
	archiveVersion = 1;
	classes = {
	};
	objectVersion = 50;
	objects = {

/* Begin PBXBuildFile section */
		856F23E42408BBA600E3C104 /* AppDelegate.swift in Sources */ = {isa = PBXBuildFile; fileRef = 856F23E32408BBA600E3C104 /* AppDelegate.swift */; };
		856F23E62408BBA600E3C104 /* SceneDelegate.swift in Sources */ = {isa = PBXBuildFile; fileRef = 856F23E52408BBA600E3C104 /* SceneDelegate.swift */; };
		856F23EB2408BBA600E3C104 /* Main.storyboard in Resources */ = {isa = PBXBuildFile; fileRef = 856F23E92408BBA600E3C104 /* Main.storyboard */; };
		856F23ED2408BBA800E3C104 /* Assets.xcassets in Resources */ = {isa = PBXBuildFile; fileRef = 856F23EC2408BBA800E3C104 /* Assets.xcassets */; };
		856F23F02408BBA800E3C104 /* LaunchScreen.storyboard in Resources */ = {isa = PBXBuildFile; fileRef = 856F23EE2408BBA800E3C104 /* LaunchScreen.storyboard */; };
		856F23FA2408BDD000E3C104 /* CollectionViewCell.swift in Sources */ = {isa = PBXBuildFile; fileRef = 856F23F92408BDD000E3C104 /* CollectionViewCell.swift */; };
		856F23FC2408BDFA00E3C104 /* CollectionViewController.swift in Sources */ = {isa = PBXBuildFile; fileRef = 856F23FB2408BDFA00E3C104 /* CollectionViewController.swift */; };
		856F24022408CE9700E3C104 /* HeaderSupplementaryView.swift in Sources */ = {isa = PBXBuildFile; fileRef = 856F24012408CE9700E3C104 /* HeaderSupplementaryView.swift */; };
		856F24042408D02D00E3C104 /* FooterSupplementaryView.swift in Sources */ = {isa = PBXBuildFile; fileRef = 856F24032408D02D00E3C104 /* FooterSupplementaryView.swift */; };
		856F24062408D26B00E3C104 /* DetailViewController.swift in Sources */ = {isa = PBXBuildFile; fileRef = 856F24052408D26B00E3C104 /* DetailViewController.swift */; };
/* End PBXBuildFile section */

/* Begin PBXFileReference section */
		856F23E02408BBA600E3C104 /* Lab 3.app */ = {isa = PBXFileReference; explicitFileType = wrapper.application; includeInIndex = 0; path = "Lab 3.app"; sourceTree = BUILT_PRODUCTS_DIR; };
		856F23E32408BBA600E3C104 /* AppDelegate.swift */ = {isa = PBXFileReference; lastKnownFileType = sourcecode.swift; path = AppDelegate.swift; sourceTree = "<group>"; };
		856F23E52408BBA600E3C104 /* SceneDelegate.swift */ = {isa = PBXFileReference; lastKnownFileType = sourcecode.swift; path = SceneDelegate.swift; sourceTree = "<group>"; };
		856F23EA2408BBA600E3C104 /* Base */ = {isa = PBXFileReference; lastKnownFileType = file.storyboard; name = Base; path = Base.lproj/Main.storyboard; sourceTree = "<group>"; };
		856F23EC2408BBA800E3C104 /* Assets.xcassets */ = {isa = PBXFileReference; lastKnownFileType = folder.assetcatalog; path = Assets.xcassets; sourceTree = "<group>"; };
		856F23EF2408BBA800E3C104 /* Base */ = {isa = PBXFileReference; lastKnownFileType = file.storyboard; name = Base; path = Base.lproj/LaunchScreen.storyboard; sourceTree = "<group>"; };
		856F23F12408BBA800E3C104 /* Info.plist */ = {isa = PBXFileReference; lastKnownFileType = text.plist.xml; path = Info.plist; sourceTree = "<group>"; };
		856F23F92408BDD000E3C104 /* CollectionViewCell.swift */ = {isa = PBXFileReference; lastKnownFileType = sourcecode.swift; path = CollectionViewCell.swift; sourceTree = "<group>"; };
		856F23FB2408BDFA00E3C104 /* CollectionViewController.swift */ = {isa = PBXFileReference; lastKnownFileType = sourcecode.swift; path = CollectionViewController.swift; sourceTree = "<group>"; };
		856F24012408CE9700E3C104 /* HeaderSupplementaryView.swift */ = {isa = PBXFileReference; lastKnownFileType = sourcecode.swift; path = HeaderSupplementaryView.swift; sourceTree = SOURCE_ROOT; };
		856F24032408D02D00E3C104 /* FooterSupplementaryView.swift */ = {isa = PBXFileReference; lastKnownFileType = sourcecode.swift; path = FooterSupplementaryView.swift; sourceTree = "<group>"; };
		856F24052408D26B00E3C104 /* DetailViewController.swift */ = {isa = PBXFileReference; lastKnownFileType = sourcecode.swift; path = DetailViewController.swift; sourceTree = "<group>"; };
/* End PBXFileReference section */

/* Begin PBXFrameworksBuildPhase section */
		856F23DD2408BBA600E3C104 /* Frameworks */ = {
			isa = PBXFrameworksBuildPhase;
			buildActionMask = 2147483647;
			files = (
			);
			runOnlyForDeploymentPostprocessing = 0;
		};
/* End PBXFrameworksBuildPhase section */

/* Begin PBXGroup section */
		856F23D72408BBA600E3C104 = {
			isa = PBXGroup;
			children = (
				856F23E22408BBA600E3C104 /* Lab 3 */,
				856F23E12408BBA600E3C104 /* Products */,
			);
			sourceTree = "<group>";
		};
		856F23E12408BBA600E3C104 /* Products */ = {
			isa = PBXGroup;
			children = (
				856F23E02408BBA600E3C104 /* Lab 3.app */,
			);
			name = Products;
			sourceTree = "<group>";
		};
		856F23E22408BBA600E3C104 /* Lab 3 */ = {
			isa = PBXGroup;
			children = (
				856F23E32408BBA600E3C104 /* AppDelegate.swift */,
				856F23E52408BBA600E3C104 /* SceneDelegate.swift */,
				856F23FB2408BDFA00E3C104 /* CollectionViewController.swift */,
				856F23F92408BDD000E3C104 /* CollectionViewCell.swift */,
				856F24052408D26B00E3C104 /* DetailViewController.swift */,
				856F24012408CE9700E3C104 /* HeaderSupplementaryView.swift */,
				856F24032408D02D00E3C104 /* FooterSupplementaryView.swift */,
				856F23E92408BBA600E3C104 /* Main.storyboard */,
				856F23EC2408BBA800E3C104 /* Assets.xcassets */,
				856F23EE2408BBA800E3C104 /* LaunchScreen.storyboard */,
				856F23F12408BBA800E3C104 /* Info.plist */,
			);
			path = "Lab 3";
			sourceTree = "<group>";
		};
/* End PBXGroup section */

/* Begin PBXNativeTarget section */
		856F23DF2408BBA600E3C104 /* Lab 3 */ = {
			isa = PBXNativeTarget;
			buildConfigurationList = 856F23F42408BBA800E3C104 /* Build configuration list for PBXNativeTarget "Lab 3" */;
			buildPhases = (
				856F23DC2408BBA600E3C104 /* Sources */,
				856F23DD2408BBA600E3C104 /* Frameworks */,
				856F23DE2408BBA600E3C104 /* Resources */,
			);
			buildRules = (
			);
			dependencies = (
			);
			name = "Lab 3";
			productName = "Lab 3";
			productReference = 856F23E02408BBA600E3C104 /* Lab 3.app */;
			productType = "com.apple.product-type.application";
		};
/* End PBXNativeTarget section */

/* Begin PBXProject section */
		856F23D82408BBA600E3C104 /* Project object */ = {
			isa = PBXProject;
			attributes = {
				LastSwiftUpdateCheck = 1130;
				LastUpgradeCheck = 1130;
				ORGANIZATIONNAME = "Jacky Cheung";
				TargetAttributes = {
					856F23DF2408BBA600E3C104 = {
						CreatedOnToolsVersion = 11.3.1;
					};
				};
			};
			buildConfigurationList = 856F23DB2408BBA600E3C104 /* Build configuration list for PBXProject "Lab 3" */;
			compatibilityVersion = "Xcode 9.3";
			developmentRegion = en;
			hasScannedForEncodings = 0;
			knownRegions = (
				en,
				Base,
			);
			mainGroup = 856F23D72408BBA600E3C104;
			productRefGroup = 856F23E12408BBA600E3C104 /* Products */;
			projectDirPath = "";
			projectRoot = "";
			targets = (
				856F23DF2408BBA600E3C104 /* Lab 3 */,
			);
		};
/* End PBXProject section */

/* Begin PBXResourcesBuildPhase section */
		856F23DE2408BBA600E3C104 /* Resources */ = {
			isa = PBXResourcesBuildPhase;
			buildActionMask = 2147483647;
			files = (
				856F23F02408BBA800E3C104 /* LaunchScreen.storyboard in Resources */,
				856F23ED2408BBA800E3C104 /* Assets.xcassets in Resources */,
				856F23EB2408BBA600E3C104 /* Main.storyboard in Resources */,
			);
			runOnlyForDeploymentPostprocessing = 0;
		};
/* End PBXResourcesBuildPhase section */

/* Begin PBXSourcesBuildPhase section */
		856F23DC2408BBA600E3C104 /* Sources */ = {
			isa = PBXSourcesBuildPhase;
			buildActionMask = 2147483647;
			files = (
				856F23FC2408BDFA00E3C104 /* CollectionViewController.swift in Sources */,
				856F23E42408BBA600E3C104 /* AppDelegate.swift in Sources */,
				856F23FA2408BDD000E3C104 /* CollectionViewCell.swift in Sources */,
				856F23E62408BBA600E3C104 /* SceneDelegate.swift in Sources */,
				856F24022408CE9700E3C104 /* HeaderSupplementaryView.swift in Sources */,
				856F24042408D02D00E3C104 /* FooterSupplementaryView.swift in Sources */,
				856F24062408D26B00E3C104 /* DetailViewController.swift in Sources */,
			);
			runOnlyForDeploymentPostprocessing = 0;
		};
/* End PBXSourcesBuildPhase section */

/* Begin PBXVariantGroup section */
		856F23E92408BBA600E3C104 /* Main.storyboard */ = {
			isa = PBXVariantGroup;
			children = (
				856F23EA2408BBA600E3C104 /* Base */,
			);
			name = Main.storyboard;
			sourceTree = "<group>";
		};
		856F23EE2408BBA800E3C104 /* LaunchScreen.storyboard */ = {
			isa = PBXVariantGroup;
			children = (
				856F23EF2408BBA800E3C104 /* Base */,
			);
			name = LaunchScreen.storyboard;
			sourceTree = "<group>";
		};
/* End PBXVariantGroup section */

/* Begin XCBuildConfiguration section */
		856F23F22408BBA800E3C104 /* Debug */ = {
			isa = XCBuildConfiguration;
			buildSettings = {
				ALWAYS_SEARCH_USER_PATHS = NO;
				CLANG_ANALYZER_NONNULL = YES;
				CLANG_ANALYZER_NUMBER_OBJECT_CONVERSION = YES_AGGRESSIVE;
				CLANG_CXX_LANGUAGE_STANDARD = "gnu++14";
				CLANG_CXX_LIBRARY = "libc++";
				CLANG_ENABLE_MODULES = YES;
				CLANG_ENABLE_OBJC_ARC = YES;
				CLANG_ENABLE_OBJC_WEAK = YES;
				CLANG_WARN_BLOCK_CAPTURE_AUTORELEASING = YES;
				CLANG_WARN_BOOL_CONVERSION = YES;
				CLANG_WARN_COMMA = YES;
				CLANG_WARN_CONSTANT_CONVERSION = YES;
				CLANG_WARN_DEPRECATED_OBJC_IMPLEMENTATIONS = YES;
				CLANG_WARN_DIRECT_OBJC_ISA_USAGE = YES_ERROR;
				CLANG_WARN_DOCUMENTATION_COMMENTS = YES;
				CLANG_WARN_EMPTY_BODY = YES;
				CLANG_WARN_ENUM_CONVERSION = YES;
				CLANG_WARN_INFINITE_RECURSION = YES;
				CLANG_WARN_INT_CONVERSION = YES;
				CLANG_WARN_NON_LITERAL_NULL_CONVERSION = YES;
				CLANG_WARN_OBJC_IMPLICIT_RETAIN_SELF = YES;
				CLANG_WARN_OBJC_LITERAL_CONVERSION = YES;
				CLANG_WARN_OBJC_ROOT_CLASS = YES_ERROR;
				CLANG_WARN_RANGE_LOOP_ANALYSIS = YES;
				CLANG_WARN_STRICT_PROTOTYPES = YES;
				CLANG_WARN_SUSPICIOUS_MOVE = YES;
				CLANG_WARN_UNGUARDED_AVAILABILITY = YES_AGGRESSIVE;
				CLANG_WARN_UNREACHABLE_CODE = YES;
				CLANG_WARN__DUPLICATE_METHOD_MATCH = YES;
				COPY_PHASE_STRIP = NO;
				DEBUG_INFORMATION_FORMAT = dwarf;
				ENABLE_STRICT_OBJC_MSGSEND = YES;
				ENABLE_TESTABILITY = YES;
				GCC_C_LANGUAGE_STANDARD = gnu11;
				GCC_DYNAMIC_NO_PIC = NO;
				GCC_NO_COMMON_BLOCKS = YES;
				GCC_OPTIMIZATION_LEVEL = 0;
				GCC_PREPROCESSOR_DEFINITIONS = (
					"DEBUG=1",
					"$(inherited)",
				);
				GCC_WARN_64_TO_32_BIT_CONVERSION = YES;
				GCC_WARN_ABOUT_RETURN_TYPE = YES_ERROR;
				GCC_WARN_UNDECLARED_SELECTOR = YES;
				GCC_WARN_UNINITIALIZED_AUTOS = YES_AGGRESSIVE;
				GCC_WARN_UNUSED_FUNCTION = YES;
				GCC_WARN_UNUSED_VARIABLE = YES;
				IPHONEOS_DEPLOYMENT_TARGET = 13.2;
				MTL_ENABLE_DEBUG_INFO = INCLUDE_SOURCE;
				MTL_FAST_MATH = YES;
				ONLY_ACTIVE_ARCH = YES;
				SDKROOT = iphoneos;
				SWIFT_ACTIVE_COMPILATION_CONDITIONS = DEBUG;
				SWIFT_OPTIMIZATION_LEVEL = "-Onone";
			};
			name = Debug;
		};
		856F23F32408BBA800E3C104 /* Release */ = {
			isa = XCBuildConfiguration;
			buildSettings = {
				ALWAYS_SEARCH_USER_PATHS = NO;
				CLANG_ANALYZER_NONNULL = YES;
				CLANG_ANALYZER_NUMBER_OBJECT_CONVERSION = YES_AGGRESSIVE;
				CLANG_CXX_LANGUAGE_STANDARD = "gnu++14";
				CLANG_CXX_LIBRARY = "libc++";
				CLANG_ENABLE_MODULES = YES;
				CLANG_ENABLE_OBJC_ARC = YES;
				CLANG_ENABLE_OBJC_WEAK = YES;
				CLANG_WARN_BLOCK_CAPTURE_AUTORELEASING = YES;
				CLANG_WARN_BOOL_CONVERSION = YES;
				CLANG_WARN_COMMA = YES;
				CLANG_WARN_CONSTANT_CONVERSION = YES;
				CLANG_WARN_DEPRECATED_OBJC_IMPLEMENTATIONS = YES;
				CLANG_WARN_DIRECT_OBJC_ISA_USAGE = YES_ERROR;
				CLANG_WARN_DOCUMENTATION_COMMENTS = YES;
				CLANG_WARN_EMPTY_BODY = YES;
				CLANG_WARN_ENUM_CONVERSION = YES;
				CLANG_WARN_INFINITE_RECURSION = YES;
				CLANG_WARN_INT_CONVERSION = YES;
				CLANG_WARN_NON_LITERAL_NULL_CONVERSION = YES;
				CLANG_WARN_OBJC_IMPLICIT_RETAIN_SELF = YES;
				CLANG_WARN_OBJC_LITERAL_CONVERSION = YES;
				CLANG_WARN_OBJC_ROOT_CLASS = YES_ERROR;
				CLANG_WARN_RANGE_LOOP_ANALYSIS = YES;
				CLANG_WARN_STRICT_PROTOTYPES = YES;
				CLANG_WARN_SUSPICIOUS_MOVE = YES;
				CLANG_WARN_UNGUARDED_AVAILABILITY = YES_AGGRESSIVE;
				CLANG_WARN_UNREACHABLE_CODE = YES;
				CLANG_WARN__DUPLICATE_METHOD_MATCH = YES;
				COPY_PHASE_STRIP = NO;
				DEBUG_INFORMATION_FORMAT = "dwarf-with-dsym";
				ENABLE_NS_ASSERTIONS = NO;
				ENABLE_STRICT_OBJC_MSGSEND = YES;
				GCC_C_LANGUAGE_STANDARD = gnu11;
				GCC_NO_COMMON_BLOCKS = YES;
				GCC_WARN_64_TO_32_BIT_CONVERSION = YES;
				GCC_WARN_ABOUT_RETURN_TYPE = YES_ERROR;
				GCC_WARN_UNDECLARED_SELECTOR = YES;
				GCC_WARN_UNINITIALIZED_AUTOS = YES_AGGRESSIVE;
				GCC_WARN_UNUSED_FUNCTION = YES;
				GCC_WARN_UNUSED_VARIABLE = YES;
				IPHONEOS_DEPLOYMENT_TARGET = 13.2;
				MTL_ENABLE_DEBUG_INFO = NO;
				MTL_FAST_MATH = YES;
				SDKROOT = iphoneos;
				SWIFT_COMPILATION_MODE = wholemodule;
				SWIFT_OPTIMIZATION_LEVEL = "-O";
				VALIDATE_PRODUCT = YES;
			};
			name = Release;
		};
		856F23F52408BBA800E3C104 /* Debug */ = {
			isa = XCBuildConfiguration;
			buildSettings = {
				ASSETCATALOG_COMPILER_APPICON_NAME = AppIcon;
				CODE_SIGN_STYLE = Automatic;
				INFOPLIST_FILE = "Lab 3/Info.plist";
				LD_RUNPATH_SEARCH_PATHS = (
					"$(inherited)",
					"@executable_path/Frameworks",
				);
				PRODUCT_BUNDLE_IDENTIFIER = "Advanced-MAD.Lab-3";
				PRODUCT_NAME = "$(TARGET_NAME)";
				SWIFT_VERSION = 5.0;
				TARGETED_DEVICE_FAMILY = "1,2";
			};
			name = Debug;
		};
		856F23F62408BBA800E3C104 /* Release */ = {
			isa = XCBuildConfiguration;
			buildSettings = {
				ASSETCATALOG_COMPILER_APPICON_NAME = AppIcon;
				CODE_SIGN_STYLE = Automatic;
				INFOPLIST_FILE = "Lab 3/Info.plist";
				LD_RUNPATH_SEARCH_PATHS = (
					"$(inherited)",
					"@executable_path/Frameworks",
				);
				PRODUCT_BUNDLE_IDENTIFIER = "Advanced-MAD.Lab-3";
				PRODUCT_NAME = "$(TARGET_NAME)";
				SWIFT_VERSION = 5.0;
				TARGETED_DEVICE_FAMILY = "1,2";
			};
			name = Release;
		};
/* End XCBuildConfiguration section */

/* Begin XCConfigurationList section */
		856F23DB2408BBA600E3C104 /* Build configuration list for PBXProject "Lab 3" */ = {
			isa = XCConfigurationList;
			buildConfigurations = (
				856F23F22408BBA800E3C104 /* Debug */,
				856F23F32408BBA800E3C104 /* Release */,
			);
			defaultConfigurationIsVisible = 0;
			defaultConfigurationName = Release;
		};
		856F23F42408BBA800E3C104 /* Build configuration list for PBXNativeTarget "Lab 3" */ = {
			isa = XCConfigurationList;
			buildConfigurations = (
				856F23F52408BBA800E3C104 /* Debug */,
				856F23F62408BBA800E3C104 /* Release */,
			);
			defaultConfigurationIsVisible = 0;
			defaultConfigurationName = Release;
		};
/* End XCConfigurationList section */
	};
	rootObject = 856F23D82408BBA600E3C104 /* Project object */;
}
